// !$*UTF8*$!
{
	archiveVersion = 1;
	classes = {
	};
	objectVersion = 56;
	objects = {

/* Begin PBXBuildFile section */
		ED255597298EA97B00AE8880 /* AppDelegate.swift in Sources */ = {isa = PBXBuildFile; fileRef = ED255596298EA97B00AE8880 /* AppDelegate.swift */; };
		ED255599298EA97B00AE8880 /* SceneDelegate.swift in Sources */ = {isa = PBXBuildFile; fileRef = ED255598298EA97B00AE8880 /* SceneDelegate.swift */; };
		ED25559B298EA97B00AE8880 /* ViewController.swift in Sources */ = {isa = PBXBuildFile; fileRef = ED25559A298EA97B00AE8880 /* ViewController.swift */; };
		ED25559E298EA97B00AE8880 /* Main.storyboard in Resources */ = {isa = PBXBuildFile; fileRef = ED25559C298EA97B00AE8880 /* Main.storyboard */; };
		ED2555A0298EA97D00AE8880 /* Assets.xcassets in Resources */ = {isa = PBXBuildFile; fileRef = ED25559F298EA97D00AE8880 /* Assets.xcassets */; };
		ED2555A3298EA97D00AE8880 /* LaunchScreen.storyboard in Resources */ = {isa = PBXBuildFile; fileRef = ED2555A1298EA97D00AE8880 /* LaunchScreen.storyboard */; };
		ED2555AB298EA9A600AE8880 /* APICaller.swift in Sources */ = {isa = PBXBuildFile; fileRef = ED2555AA298EA9A600AE8880 /* APICaller.swift */; };
		ED2555AF298EB09800AE8880 /* NewsTableViewCell.swift in Sources */ = {isa = PBXBuildFile; fileRef = ED2555AE298EB09800AE8880 /* NewsTableViewCell.swift */; };
		ED861840298F5CE2004EBF46 /* DetailViewController.swift in Sources */ = {isa = PBXBuildFile; fileRef = ED86183F298F5CE2004EBF46 /* DetailViewController.swift */; };
		ED861842298F5FB8004EBF46 /* NewsDetailView.swift in Sources */ = {isa = PBXBuildFile; fileRef = ED861841298F5FB8004EBF46 /* NewsDetailView.swift */; };
		ED861848298F76B5004EBF46 /* NewsTableViewCellViewModel.swift in Sources */ = {isa = PBXBuildFile; fileRef = ED861847298F76B5004EBF46 /* NewsTableViewCellViewModel.swift */; };
/* End PBXBuildFile section */

/* Begin PBXFileReference section */
		ED255593298EA97B00AE8880 /* News.app */ = {isa = PBXFileReference; explicitFileType = wrapper.application; includeInIndex = 0; path = News.app; sourceTree = BUILT_PRODUCTS_DIR; };
		ED255596298EA97B00AE8880 /* AppDelegate.swift */ = {isa = PBXFileReference; lastKnownFileType = sourcecode.swift; path = AppDelegate.swift; sourceTree = "<group>"; };
		ED255598298EA97B00AE8880 /* SceneDelegate.swift */ = {isa = PBXFileReference; lastKnownFileType = sourcecode.swift; path = SceneDelegate.swift; sourceTree = "<group>"; };
		ED25559A298EA97B00AE8880 /* ViewController.swift */ = {isa = PBXFileReference; lastKnownFileType = sourcecode.swift; path = ViewController.swift; sourceTree = "<group>"; };
		ED25559D298EA97B00AE8880 /* Base */ = {isa = PBXFileReference; lastKnownFileType = file.storyboard; name = Base; path = Base.lproj/Main.storyboard; sourceTree = "<group>"; };
		ED25559F298EA97D00AE8880 /* Assets.xcassets */ = {isa = PBXFileReference; lastKnownFileType = folder.assetcatalog; path = Assets.xcassets; sourceTree = "<group>"; };
		ED2555A2298EA97D00AE8880 /* Base */ = {isa = PBXFileReference; lastKnownFileType = file.storyboard; name = Base; path = Base.lproj/LaunchScreen.storyboard; sourceTree = "<group>"; };
		ED2555A4298EA97D00AE8880 /* Info.plist */ = {isa = PBXFileReference; lastKnownFileType = text.plist.xml; path = Info.plist; sourceTree = "<group>"; };
		ED2555AA298EA9A600AE8880 /* APICaller.swift */ = {isa = PBXFileReference; lastKnownFileType = sourcecode.swift; path = APICaller.swift; sourceTree = "<group>"; };
		ED2555AE298EB09800AE8880 /* NewsTableViewCell.swift */ = {isa = PBXFileReference; lastKnownFileType = sourcecode.swift; path = NewsTableViewCell.swift; sourceTree = "<group>"; };
		ED86183F298F5CE2004EBF46 /* DetailViewController.swift */ = {isa = PBXFileReference; lastKnownFileType = sourcecode.swift; path = DetailViewController.swift; sourceTree = "<group>"; };
		ED861841298F5FB8004EBF46 /* NewsDetailView.swift */ = {isa = PBXFileReference; lastKnownFileType = sourcecode.swift; path = NewsDetailView.swift; sourceTree = "<group>"; };
		ED861847298F76B5004EBF46 /* NewsTableViewCellViewModel.swift */ = {isa = PBXFileReference; lastKnownFileType = sourcecode.swift; path = NewsTableViewCellViewModel.swift; sourceTree = "<group>"; };
/* End PBXFileReference section */

/* Begin PBXFrameworksBuildPhase section */
		ED255590298EA97B00AE8880 /* Frameworks */ = {
			isa = PBXFrameworksBuildPhase;
			buildActionMask = 2147483647;
			files = (
			);
			runOnlyForDeploymentPostprocessing = 0;
		};
/* End PBXFrameworksBuildPhase section */

/* Begin PBXGroup section */
		ED25558A298EA97B00AE8880 = {
			isa = PBXGroup;
			children = (
				ED255595298EA97B00AE8880 /* News */,
				ED255594298EA97B00AE8880 /* Products */,
			);
			sourceTree = "<group>";
		};
		ED255594298EA97B00AE8880 /* Products */ = {
			isa = PBXGroup;
			children = (
				ED255593298EA97B00AE8880 /* News.app */,
			);
			name = Products;
			sourceTree = "<group>";
		};
		ED255595298EA97B00AE8880 /* News */ = {
			isa = PBXGroup;
			children = (
				ED528955298FEE0E00284AC4 /* Model */,
				ED528956298FEE3C00284AC4 /* View */,
				ED528957298FEE4800284AC4 /* Controller */,
				ED528958298FEE9A00284AC4 /* Services */,
				ED25559C298EA97B00AE8880 /* Main.storyboard */,
				ED25559F298EA97D00AE8880 /* Assets.xcassets */,
				ED2555A1298EA97D00AE8880 /* LaunchScreen.storyboard */,
				ED2555A4298EA97D00AE8880 /* Info.plist */,
				ED255596298EA97B00AE8880 /* AppDelegate.swift */,
				ED255598298EA97B00AE8880 /* SceneDelegate.swift */,
			);
			path = News;
			sourceTree = "<group>";
		};
		ED528955298FEE0E00284AC4 /* Model */ = {
			isa = PBXGroup;
			children = (
				ED861847298F76B5004EBF46 /* NewsTableViewCellViewModel.swift */,
			);
			path = Model;
			sourceTree = "<group>";
		};
		ED528956298FEE3C00284AC4 /* View */ = {
			isa = PBXGroup;
			children = (
				ED861841298F5FB8004EBF46 /* NewsDetailView.swift */,
				ED2555AE298EB09800AE8880 /* NewsTableViewCell.swift */,
			);
			path = View;
			sourceTree = "<group>";
		};
		ED528957298FEE4800284AC4 /* Controller */ = {
			isa = PBXGroup;
			children = (
				ED86183F298F5CE2004EBF46 /* DetailViewController.swift */,
				ED25559A298EA97B00AE8880 /* ViewController.swift */,
			);
			path = Controller;
			sourceTree = "<group>";
		};
		ED528958298FEE9A00284AC4 /* Services */ = {
			isa = PBXGroup;
			children = (
				ED2555AA298EA9A600AE8880 /* APICaller.swift */,
			);
			path = Services;
			sourceTree = "<group>";
		};
/* End PBXGroup section */

/* Begin PBXNativeTarget section */
		ED255592298EA97B00AE8880 /* News */ = {
			isa = PBXNativeTarget;
			buildConfigurationList = ED2555A7298EA97D00AE8880 /* Build configuration list for PBXNativeTarget "News" */;
			buildPhases = (
				ED25558F298EA97B00AE8880 /* Sources */,
				ED255590298EA97B00AE8880 /* Frameworks */,
				ED255591298EA97B00AE8880 /* Resources */,
			);
			buildRules = (
			);
			dependencies = (
			);
			name = News;
			productName = News;
			productReference = ED255593298EA97B00AE8880 /* News.app */;
			productType = "com.apple.product-type.application";
		};
/* End PBXNativeTarget section */

/* Begin PBXProject section */
		ED25558B298EA97B00AE8880 /* Project object */ = {
			isa = PBXProject;
			attributes = {
				BuildIndependentTargetsInParallel = 1;
				LastSwiftUpdateCheck = 1420;
				LastUpgradeCheck = 1420;
				TargetAttributes = {
					ED255592298EA97B00AE8880 = {
						CreatedOnToolsVersion = 14.2;
					};
				};
			};
			buildConfigurationList = ED25558E298EA97B00AE8880 /* Build configuration list for PBXProject "News" */;
			compatibilityVersion = "Xcode 14.0";
			developmentRegion = en;
			hasScannedForEncodings = 0;
			knownRegions = (
				en,
				Base,
			);
			mainGroup = ED25558A298EA97B00AE8880;
			productRefGroup = ED255594298EA97B00AE8880 /* Products */;
			projectDirPath = "";
			projectRoot = "";
			targets = (
				ED255592298EA97B00AE8880 /* News */,
			);
		};
/* End PBXProject section */

/* Begin PBXResourcesBuildPhase section */
		ED255591298EA97B00AE8880 /* Resources */ = {
			isa = PBXResourcesBuildPhase;
			buildActionMask = 2147483647;
			files = (
				ED2555A3298EA97D00AE8880 /* LaunchScreen.storyboard in Resources */,
				ED2555A0298EA97D00AE8880 /* Assets.xcassets in Resources */,
				ED25559E298EA97B00AE8880 /* Main.storyboard in Resources */,
			);
			runOnlyForDeploymentPostprocessing = 0;
		};
/* End PBXResourcesBuildPhase section */

/* Begin PBXSourcesBuildPhase section */
		ED25558F298EA97B00AE8880 /* Sources */ = {
			isa = PBXSourcesBuildPhase;
			buildActionMask = 2147483647;
			files = (
				ED25559B298EA97B00AE8880 /* ViewController.swift in Sources */,
				ED255597298EA97B00AE8880 /* AppDelegate.swift in Sources */,
				ED2555AF298EB09800AE8880 /* NewsTableViewCell.swift in Sources */,
				ED861842298F5FB8004EBF46 /* NewsDetailView.swift in Sources */,
				ED2555AB298EA9A600AE8880 /* APICaller.swift in Sources */,
				ED255599298EA97B00AE8880 /* SceneDelegate.swift in Sources */,
				ED861848298F76B5004EBF46 /* NewsTableViewCellViewModel.swift in Sources */,
				ED861840298F5CE2004EBF46 /* DetailViewController.swift in Sources */,
			);
			runOnlyForDeploymentPostprocessing = 0;
		};
/* End PBXSourcesBuildPhase section */

/* Begin PBXVariantGroup section */
		ED25559C298EA97B00AE8880 /* Main.storyboard */ = {
			isa = PBXVariantGroup;
			children = (
				ED25559D298EA97B00AE8880 /* Base */,
			);
			name = Main.storyboard;
			sourceTree = "<group>";
		};
		ED2555A1298EA97D00AE8880 /* LaunchScreen.storyboard */ = {
			isa = PBXVariantGroup;
			children = (
				ED2555A2298EA97D00AE8880 /* Base */,
			);
			name = LaunchScreen.storyboard;
			sourceTree = "<group>";
		};
/* End PBXVariantGroup section */

/* Begin XCBuildConfiguration section */
		ED2555A5298EA97D00AE8880 /* Debug */ = {
			isa = XCBuildConfiguration;
			buildSettings = {
				ALWAYS_SEARCH_USER_PATHS = NO;
				CLANG_ANALYZER_NONNULL = YES;
				CLANG_ANALYZER_NUMBER_OBJECT_CONVERSION = YES_AGGRESSIVE;
				CLANG_CXX_LANGUAGE_STANDARD = "gnu++20";
				CLANG_ENABLE_MODULES = YES;
				CLANG_ENABLE_OBJC_ARC = YES;
				CLANG_ENABLE_OBJC_WEAK = YES;
				CLANG_WARN_BLOCK_CAPTURE_AUTORELEASING = YES;
				CLANG_WARN_BOOL_CONVERSION = YES;
				CLANG_WARN_COMMA = YES;
				CLANG_WARN_CONSTANT_CONVERSION = YES;
				CLANG_WARN_DEPRECATED_OBJC_IMPLEMENTATIONS = YES;
				CLANG_WARN_DIRECT_OBJC_ISA_USAGE = YES_ERROR;
				CLANG_WARN_DOCUMENTATION_COMMENTS = YES;
				CLANG_WARN_EMPTY_BODY = YES;
				CLANG_WARN_ENUM_CONVERSION = YES;
				CLANG_WARN_INFINITE_RECURSION = YES;
				CLANG_WARN_INT_CONVERSION = YES;
				CLANG_WARN_NON_LITERAL_NULL_CONVERSION = YES;
				CLANG_WARN_OBJC_IMPLICIT_RETAIN_SELF = YES;
				CLANG_WARN_OBJC_LITERAL_CONVERSION = YES;
				CLANG_WARN_OBJC_ROOT_CLASS = YES_ERROR;
				CLANG_WARN_QUOTED_INCLUDE_IN_FRAMEWORK_HEADER = YES;
				CLANG_WARN_RANGE_LOOP_ANALYSIS = YES;
				CLANG_WARN_STRICT_PROTOTYPES = YES;
				CLANG_WARN_SUSPICIOUS_MOVE = YES;
				CLANG_WARN_UNGUARDED_AVAILABILITY = YES_AGGRESSIVE;
				CLANG_WARN_UNREACHABLE_CODE = YES;
				CLANG_WARN__DUPLICATE_METHOD_MATCH = YES;
				COPY_PHASE_STRIP = NO;
				DEBUG_INFORMATION_FORMAT = dwarf;
				ENABLE_STRICT_OBJC_MSGSEND = YES;
				ENABLE_TESTABILITY = YES;
				GCC_C_LANGUAGE_STANDARD = gnu11;
				GCC_DYNAMIC_NO_PIC = NO;
				GCC_NO_COMMON_BLOCKS = YES;
				GCC_OPTIMIZATION_LEVEL = 0;
				GCC_PREPROCESSOR_DEFINITIONS = (
					"DEBUG=1",
					"$(inherited)",
				);
				GCC_WARN_64_TO_32_BIT_CONVERSION = YES;
				GCC_WARN_ABOUT_RETURN_TYPE = YES_ERROR;
				GCC_WARN_UNDECLARED_SELECTOR = YES;
				GCC_WARN_UNINITIALIZED_AUTOS = YES_AGGRESSIVE;
				GCC_WARN_UNUSED_FUNCTION = YES;
				GCC_WARN_UNUSED_VARIABLE = YES;
				IPHONEOS_DEPLOYMENT_TARGET = 16.2;
				MTL_ENABLE_DEBUG_INFO = INCLUDE_SOURCE;
				MTL_FAST_MATH = YES;
				ONLY_ACTIVE_ARCH = YES;
				SDKROOT = iphoneos;
				SWIFT_ACTIVE_COMPILATION_CONDITIONS = DEBUG;
				SWIFT_OPTIMIZATION_LEVEL = "-Onone";
			};
			name = Debug;
		};
		ED2555A6298EA97D00AE8880 /* Release */ = {
			isa = XCBuildConfiguration;
			buildSettings = {
				ALWAYS_SEARCH_USER_PATHS = NO;
				CLANG_ANALYZER_NONNULL = YES;
				CLANG_ANALYZER_NUMBER_OBJECT_CONVERSION = YES_AGGRESSIVE;
				CLANG_CXX_LANGUAGE_STANDARD = "gnu++20";
				CLANG_ENABLE_MODULES = YES;
				CLANG_ENABLE_OBJC_ARC = YES;
				CLANG_ENABLE_OBJC_WEAK = YES;
				CLANG_WARN_BLOCK_CAPTURE_AUTORELEASING = YES;
				CLANG_WARN_BOOL_CONVERSION = YES;
				CLANG_WARN_COMMA = YES;
				CLANG_WARN_CONSTANT_CONVERSION = YES;
				CLANG_WARN_DEPRECATED_OBJC_IMPLEMENTATIONS = YES;
				CLANG_WARN_DIRECT_OBJC_ISA_USAGE = YES_ERROR;
				CLANG_WARN_DOCUMENTATION_COMMENTS = YES;
				CLANG_WARN_EMPTY_BODY = YES;
				CLANG_WARN_ENUM_CONVERSION = YES;
				CLANG_WARN_INFINITE_RECURSION = YES;
				CLANG_WARN_INT_CONVERSION = YES;
				CLANG_WARN_NON_LITERAL_NULL_CONVERSION = YES;
				CLANG_WARN_OBJC_IMPLICIT_RETAIN_SELF = YES;
				CLANG_WARN_OBJC_LITERAL_CONVERSION = YES;
				CLANG_WARN_OBJC_ROOT_CLASS = YES_ERROR;
				CLANG_WARN_QUOTED_INCLUDE_IN_FRAMEWORK_HEADER = YES;
				CLANG_WARN_RANGE_LOOP_ANALYSIS = YES;
				CLANG_WARN_STRICT_PROTOTYPES = YES;
				CLANG_WARN_SUSPICIOUS_MOVE = YES;
				CLANG_WARN_UNGUARDED_AVAILABILITY = YES_AGGRESSIVE;
				CLANG_WARN_UNREACHABLE_CODE = YES;
				CLANG_WARN__DUPLICATE_METHOD_MATCH = YES;
				COPY_PHASE_STRIP = NO;
				DEBUG_INFORMATION_FORMAT = "dwarf-with-dsym";
				ENABLE_NS_ASSERTIONS = NO;
				ENABLE_STRICT_OBJC_MSGSEND = YES;
				GCC_C_LANGUAGE_STANDARD = gnu11;
				GCC_NO_COMMON_BLOCKS = YES;
				GCC_WARN_64_TO_32_BIT_CONVERSION = YES;
				GCC_WARN_ABOUT_RETURN_TYPE = YES_ERROR;
				GCC_WARN_UNDECLARED_SELECTOR = YES;
				GCC_WARN_UNINITIALIZED_AUTOS = YES_AGGRESSIVE;
				GCC_WARN_UNUSED_FUNCTION = YES;
				GCC_WARN_UNUSED_VARIABLE = YES;
				IPHONEOS_DEPLOYMENT_TARGET = 16.2;
				MTL_ENABLE_DEBUG_INFO = NO;
				MTL_FAST_MATH = YES;
				SDKROOT = iphoneos;
				SWIFT_COMPILATION_MODE = wholemodule;
				SWIFT_OPTIMIZATION_LEVEL = "-O";
				VALIDATE_PRODUCT = YES;
			};
			name = Release;
		};
		ED2555A8298EA97D00AE8880 /* Debug */ = {
			isa = XCBuildConfiguration;
			buildSettings = {
				ASSETCATALOG_COMPILER_APPICON_NAME = AppIcon;
				ASSETCATALOG_COMPILER_GLOBAL_ACCENT_COLOR_NAME = AccentColor;
				CODE_SIGN_STYLE = Automatic;
				CURRENT_PROJECT_VERSION = 1;
				GENERATE_INFOPLIST_FILE = YES;
				INFOPLIST_FILE = News/Info.plist;
				INFOPLIST_KEY_UIApplicationSupportsIndirectInputEvents = YES;
				INFOPLIST_KEY_UILaunchStoryboardName = LaunchScreen;
				INFOPLIST_KEY_UIMainStoryboardFile = Main;
				INFOPLIST_KEY_UISupportedInterfaceOrientations_iPad = "UIInterfaceOrientationPortrait UIInterfaceOrientationPortraitUpsideDown UIInterfaceOrientationLandscapeLeft UIInterfaceOrientationLandscapeRight";
				INFOPLIST_KEY_UISupportedInterfaceOrientations_iPhone = "UIInterfaceOrientationPortrait UIInterfaceOrientationLandscapeLeft UIInterfaceOrientationLandscapeRight";
				IPHONEOS_DEPLOYMENT_TARGET = 14.0;
				LD_RUNPATH_SEARCH_PATHS = (
					"$(inherited)",
					"@executable_path/Frameworks",
				);
				MARKETING_VERSION = 1.0;
				PRODUCT_BUNDLE_IDENTIFIER = com.nurmukhanbet.News;
				PRODUCT_NAME = "$(TARGET_NAME)";
				SWIFT_EMIT_LOC_STRINGS = YES;
				SWIFT_VERSION = 5.0;
				TARGETED_DEVICE_FAMILY = "1,2";
			};
			name = Debug;
		};
		ED2555A9298EA97D00AE8880 /* Release */ = {
			isa = XCBuildConfiguration;
			buildSettings = {
				ASSETCATALOG_COMPILER_APPICON_NAME = AppIcon;
				ASSETCATALOG_COMPILER_GLOBAL_ACCENT_COLOR_NAME = AccentColor;
				CODE_SIGN_STYLE = Automatic;
				CURRENT_PROJECT_VERSION = 1;
				GENERATE_INFOPLIST_FILE = YES;
				INFOPLIST_FILE = News/Info.plist;
				INFOPLIST_KEY_UIApplicationSupportsIndirectInputEvents = YES;
				INFOPLIST_KEY_UILaunchStoryboardName = LaunchScreen;
				INFOPLIST_KEY_UIMainStoryboardFile = Main;
				INFOPLIST_KEY_UISupportedInterfaceOrientations_iPad = "UIInterfaceOrientationPortrait UIInterfaceOrientationPortraitUpsideDown UIInterfaceOrientationLandscapeLeft UIInterfaceOrientationLandscapeRight";
				INFOPLIST_KEY_UISupportedInterfaceOrientations_iPhone = "UIInterfaceOrientationPortrait UIInterfaceOrientationLandscapeLeft UIInterfaceOrientationLandscapeRight";
				IPHONEOS_DEPLOYMENT_TARGET = 14.0;
				LD_RUNPATH_SEARCH_PATHS = (
					"$(inherited)",
					"@executable_path/Frameworks",
				);
				MARKETING_VERSION = 1.0;
				PRODUCT_BUNDLE_IDENTIFIER = com.nurmukhanbet.News;
				PRODUCT_NAME = "$(TARGET_NAME)";
				SWIFT_EMIT_LOC_STRINGS = YES;
				SWIFT_VERSION = 5.0;
				TARGETED_DEVICE_FAMILY = "1,2";
			};
			name = Release;
		};
/* End XCBuildConfiguration section */

/* Begin XCConfigurationList section */
		ED25558E298EA97B00AE8880 /* Build configuration list for PBXProject "News" */ = {
			isa = XCConfigurationList;
			buildConfigurations = (
				ED2555A5298EA97D00AE8880 /* Debug */,
				ED2555A6298EA97D00AE8880 /* Release */,
			);
			defaultConfigurationIsVisible = 0;
			defaultConfigurationName = Release;
		};
		ED2555A7298EA97D00AE8880 /* Build configuration list for PBXNativeTarget "News" */ = {
			isa = XCConfigurationList;
			buildConfigurations = (
				ED2555A8298EA97D00AE8880 /* Debug */,
				ED2555A9298EA97D00AE8880 /* Release */,
			);
			defaultConfigurationIsVisible = 0;
			defaultConfigurationName = Release;
		};
/* End XCConfigurationList section */
	};
	rootObject = ED25558B298EA97B00AE8880 /* Project object */;
}
